{
    "_meta": {
        "hash": {
            "sha256": "d7e6c1eb6d40a365f855baccdae91a330c1740ccdaa5fa1a9644be569f167259"
        },
        "pipfile-spec": 6,
        "requires": {
            "python_version": "3.8"
        },
        "sources": [
            {
                "name": "pypi",
                "url": "https://pypi.org/simple",
                "verify_ssl": true
            }
        ]
    },
    "default": {
        "asgiref": {
            "hashes": [
                "sha256:1d2880b792ae8757289136f1db2b7b99100ce959b2aa57fd69dab783d05afac4",
                "sha256:4a29362a6acebe09bf1d6640db38c1dc3d9217c68e6f9f6204d72667fc19a424"
            ],
            "markers": "python_version >= '3.7'",
            "version": "==3.5.2"
        },
        "django": {
            "hashes": [
                "sha256:5052b34b34b3425233c682e0e11d658fd6efd587d11335a0203d827224ada8f2",
                "sha256:e1630333248c9b3d4e38f02093a26f1e07b271ca896d73097457996e0fae12e8"
            ],
            "index": "pypi",
            "version": "==3.0.7"
        },
        "gensim": {
            "hashes": [
                "sha256:05bfc02e102a34c9c795095b688b1b4aaa2529c624821368c9c3ea6a16536f77",
                "sha256:1e3d66c2eec494376fc599701d9c2868549aed6e93e47177e39217f0188e2d88",
                "sha256:22f45fd239cacd0e3715ac447a2c8a5eea02e730ec1f701c55b359e9298e63a8",
                "sha256:3af62709369331c85552fd26caa21504baa64accc426dc094172f5c688750013",
                "sha256:41dcf6ecdc9acc657157967c791b8cbaba90ee6391f64efd28339b72f5e0c327",
                "sha256:440700e29b494bc2e1d52e14b69a821f46ab09ecf85cf36c8988f18e1d6c7a8b",
                "sha256:4e34cf2e50f3eab3e303da46089ea4972567bf216e28f7535ada155770784ac8",
                "sha256:61eed1d6b5fbe6dda0586ea447ebc2dc7890a7f70c2ed953d5abc3fe3cfb94bb",
                "sha256:637fc5969f3cef4b7c8fd3e78e31ef09565c5566d5ceabf076b4170eb6444a80",
                "sha256:6711b6d3a0007530ee7de7adc30a4c48a1d26ec6312ac50e1d1e0a1d54f9de5b",
                "sha256:685a7657278161628821c8f873c5d7d2ffc0c28866648e39f76b450e4c7d5390",
                "sha256:7629b33cf35f672efdd5269381f7e301958ee2638f27dfc63b80c5bfeaa827d3",
                "sha256:786adb0571f75114e9c5f7a31dd2e6eb39a9791f22c8757621545e2ded3ea367",
                "sha256:7a90549dfc8ee3822fcad6da957de07d927e4e90ef42b3699543dee35ab2da13",
                "sha256:8ff471921b3b10ffb3ae6cbb598dd9c07d9dc030dee5aa167e7682b549c42f87",
                "sha256:90115d12ee545c21cc75521ef1bb3dd66aae8a378e9c2eb029c9f22df173c125",
                "sha256:91fa62d61b21f1878f140b10520f9de4a26a52672fbe407edfc7e09ca2eff235",
                "sha256:9c214b341f5304b906c79844e2787c13b46505df9dc70afca79a9a7dc0894478",
                "sha256:a47903d104469a7a8b6f22ad5ef74681b19c4f4b71ff2c2893271b53161a43e4",
                "sha256:a61179df454a0d4b06a111c4ede0536f61c8121b4c0d0d02d23560a2fd4b3aff",
                "sha256:a8807ebf324dd11e1298a91a92d6e57c7bdabb91d0d5240bf1efa0c0eacd86f0",
                "sha256:b36e6330471061cfd78aad751e24c6b4f56d575697af0fbab42655128927d296",
                "sha256:b61a7c841a752c84b685674aa0d610289faad38795b325176481abe19b487e98",
                "sha256:cc387d0d8bddbf3609ab95b3453296e4c9ff92c35e9799a17d86b1571d77a5fc",
                "sha256:d79370f78e9013b9d1e867c85ecc678d46a7ae0f01a8ca29e8f4291e5373b170",
                "sha256:ef2ddeceff482aee17c1e185f63bf027c8de8f595fdd9fd2d2503de96008f3b7",
                "sha256:f8ea67bf8c47ee55cb1b32c97fa1474b7d6d22959dd8097c019a5d9c9df34f5f",
                "sha256:fe98277a7b3b4987b40c928056bbaae1d0715022cf27bba89d05cd0d4fe51a84"
            ],
            "index": "pypi",
            "version": "==3.8.3"
        },
        "numpy": {
            "hashes": [
                "sha256:0cfe07133fd00b27edee5e6385e333e9eeb010607e8a46e1cd673f05f8596595",
                "sha256:11a1f3816ea82eed4178102c56281782690ab5993251fdfd75039aad4d20385f",
                "sha256:2762331de395739c91f1abb88041f94a080cb1143aeec791b3b223976228af3f",
                "sha256:283d9de87c0133ef98f93dfc09fad3fb382f2a15580de75c02b5bb36a5a159a5",
                "sha256:3d22662b4b10112c545c91a0741f2436f8ca979ab3d69d03d19322aa970f9695",
                "sha256:41388e32e40b41dd56eb37fcaa7488b2b47b0adf77c66154d6b89622c110dfe9",
                "sha256:42c16cec1c8cf2728f1d539bd55aaa9d6bb48a7de2f41eb944697293ef65a559",
                "sha256:47ee7a839f5885bc0c63a74aabb91f6f40d7d7b639253768c4199b37aede7982",
                "sha256:5a311ee4d983c487a0ab546708edbdd759393a3dc9cd30305170149fedd23c88",
                "sha256:5dc65644f75a4c2970f21394ad8bea1a844104f0fe01f278631be1c7eae27226",
                "sha256:6ed0d073a9c54ac40c41a9c2d53fcc3d4d4ed607670b9e7b0de1ba13b4cbfe6f",
                "sha256:76ba7c40e80f9dc815c5e896330700fd6e20814e69da9c1267d65a4d051080f1",
                "sha256:818b9be7900e8dc23e013a92779135623476f44a0de58b40c32a15368c01d471",
                "sha256:a024181d7aef0004d76fb3bce2a4c9f2e67a609a9e2a6ff2571d30e9976aa383",
                "sha256:a955e4128ac36797aaffd49ab44ec74a71c11d6938df83b1285492d277db5397",
                "sha256:a97a954a8c2f046d3817c2bce16e3c7e9a9c2afffaf0400f5c16df5172a67c9c",
                "sha256:a97e82c39d9856fe7d4f9b86d8a1e66eff99cf3a8b7ba48202f659703d27c46f",
                "sha256:b55b953a1bdb465f4dc181758570d321db4ac23005f90ffd2b434cc6609a63dd",
                "sha256:bb02929b0d6bfab4c48a79bd805bd7419114606947ec8284476167415171f55b",
                "sha256:bece0a4a49e60e472a6d1f70ac6cdea00f9ab80ff01132f96bd970cdd8a9e5a9",
                "sha256:e41e8951749c4b5c9a2dc5fdbc1a4eec6ab2a140fdae9b460b0f557eed870f4d",
                "sha256:f71d57cc8645f14816ae249407d309be250ad8de93ef61d9709b45a0ddf4050c"
            ],
            "index": "pypi",
            "version": "==1.22.0"
        },
        "pytz": {
            "hashes": [
                "sha256:1e760e2fe6a8163bc0b3d9a19c4f84342afa0a2affebfaa84b01b978a02ecaa7",
                "sha256:e68985985296d9a66a881eb3193b0906246245294a881e7c8afe623866ac6a5c"
            ],
            "version": "==2022.1"
        },
        "scipy": {
            "hashes": [
                "sha256:02b567e722d62bddd4ac253dafb01ce7ed8742cf8031aea030a41414b86c1125",
                "sha256:1166514aa3bbf04cb5941027c6e294a000bba0cf00f5cdac6c77f2dad479b434",
                "sha256:1da52b45ce1a24a4a22db6c157c38b39885a990a566748fc904ec9f03ed8c6ba",
                "sha256:23b22fbeef3807966ea42d8163322366dd89da9bebdc075da7034cee3a1441ca",
                "sha256:28d2cab0c6ac5aa131cc5071a3a1d8e1366dad82288d9ec2ca44df78fb50e649",
                "sha256:2ef0fbc8bcf102c1998c1f16f15befe7cffba90895d6e84861cd6c6a33fb54f6",
                "sha256:3b69b90c9419884efeffaac2c38376d6ef566e6e730a231e15722b0ab58f0328",
                "sha256:4b93ec6f4c3c4d041b26b5f179a6aab8f5045423117ae7a45ba9710301d7e462",
                "sha256:4e53a55f6a4f22de01ffe1d2f016e30adedb67a699a310cdcac312806807ca81",
                "sha256:6311e3ae9cc75f77c33076cb2794fb0606f14c8f1b1c9ff8ce6005ba2c283621",
                "sha256:65b77f20202599c51eb2771d11a6b899b97989159b7975e9b5259594f1d35ef4",
                "sha256:6cc6b33139eb63f30725d5f7fa175763dc2df6a8f38ddf8df971f7c345b652dc",
                "sha256:70de2f11bf64ca9921fda018864c78af7147025e467ce9f4a11bc877266900a6",
                "sha256:70ebc84134cf0c504ce6a5f12d6db92cb2a8a53a49437a6bb4edca0bc101f11c",
                "sha256:83606129247e7610b58d0e1e93d2c5133959e9cf93555d3c27e536892f1ba1f2",
                "sha256:93d07494a8900d55492401917a119948ed330b8c3f1d700e0b904a578f10ead4",
                "sha256:9c4e3ae8a716c8b3151e16c05edb1daf4cb4d866caa385e861556aff41300c14",
                "sha256:9dd4012ac599a1e7eb63c114d1eee1bcfc6dc75a29b589ff0ad0bb3d9412034f",
                "sha256:9e3fb1b0e896f14a85aa9a28d5f755daaeeb54c897b746df7a55ccb02b340f33",
                "sha256:a0aa8220b89b2e3748a2836fbfa116194378910f1a6e78e4675a095bcd2c762d",
                "sha256:d3b3c8924252caaffc54d4a99f1360aeec001e61267595561089f8b5900821bb",
                "sha256:e013aed00ed776d790be4cb32826adb72799c61e318676172495383ba4570aa4",
                "sha256:f3e7a8867f307e3359cc0ed2c63b61a1e33a19080f92fe377bc7d49f646f2ec1"
            ],
            "markers": "python_version < '3.11' and python_version >= '3.8'",
            "version": "==1.8.1"
        },
        "six": {
            "hashes": [
                "sha256:1e61c37477a1626458e36f7b1d82aa5c9b094fa4802892072e49de9c60c4c926",
                "sha256:8abb2f1d86890a2dfb989f9a77cfcfd3e47c2a354b01111771326f8aa26e0254"
            ],
            "markers": "python_version >= '2.7' and python_version not in '3.0, 3.1, 3.2, 3.3'",
            "version": "==1.16.0"
        },
        "smart-open": {
            "hashes": [
                "sha256:94afbd5058a45d4fdc4f859ed158b46054cb5ca1c019d76f6f8a60495f662129",
                "sha256:d60106b96f0bcaedf5f1cd46ff5524a1c3d02d5653425618bb0fa66e158d22b0"
            ],
            "markers": "python_version >= '3.6' and python_version < '4.0'",
            "version": "==6.0.0"
        },
        "sqlparse": {
            "hashes": [
                "sha256:0c00730c74263a94e5a9919ade150dfc3b19c574389985446148402998287dae",
                "sha256:48719e356bb8b42991bdbb1e8b83223757b93789c00910a616a071910ca4a64d"
            ],
            "markers": "python_version >= '3.5'",
            "version": "==0.4.2"
        }
    },
    "develop": {
        "asttokens": {
            "hashes": [
                "sha256:0844691e88552595a6f4a4281a9f7f79b8dd45ca4ccea82e5e05b4bbdb76705c",
                "sha256:9a54c114f02c7a9480d56550932546a3f1fe71d8a02f1bc7ccd0ee3ee35cf4d5"
            ],
            "version": "==2.0.5"
        },
        "attrs": {
            "hashes": [
                "sha256:2d27e3784d7a565d36ab851fe94887c5eccd6a463168875832a1be79c82828b4",
                "sha256:626ba8234211db98e869df76230a137c4c40a12d72445c45d5f5b716f076e2fd"
            ],
            "markers": "python_version >= '2.7' and python_version not in '3.0, 3.1, 3.2, 3.3, 3.4'",
            "version": "==21.4.0"
        },
        "backcall": {
            "hashes": [
                "sha256:5cbdbf27be5e7cfadb448baf0aa95508f91f2bbc6c6437cd9cd06e2a4c215e1e",
                "sha256:fbbce6a29f263178a1f7915c1940bde0ec2b2a967566fe1c65c1dfb7422bd255"
            ],
            "version": "==0.2.0"
        },
        "decorator": {
            "hashes": [
                "sha256:637996211036b6385ef91435e4fae22989472f9d571faba8927ba8253acbc330",
                "sha256:b8c3f85900b9dc423225913c5aace94729fe1fa9763b38939a95226f02d37186"
            ],
            "markers": "python_version >= '3.5'",
            "version": "==5.1.1"
        },
        "executing": {
            "hashes": [
                "sha256:c6554e21c6b060590a6d3be4b82fb78f8f0194d809de5ea7df1c093763311501",
                "sha256:d1eef132db1b83649a3905ca6dd8897f71ac6f8cac79a7e58a1a09cf137546c9"
            ],
            "version": "==0.8.3"
        },
        "flake8": {
            "hashes": [
                "sha256:c69ac1668e434d37a2d2880b3ca9aafd54b3a10a3ac1ab101d22f29e29cf8634",
                "sha256:ccaa799ef9893cebe69fdfefed76865aeaefbb94cb8545617b2298786a4de9a5"
            ],
            "index": "pypi",
            "version": "==3.8.2"
        },
        "iniconfig": {
            "hashes": [
                "sha256:011e24c64b7f47f6ebd835bb12a743f2fbe9a26d4cecaa7f53bc4f35ee9da8b3",
                "sha256:bc3af051d7d14b2ee5ef9969666def0cd1a000e121eaea580d4a313df4b37f32"
            ],
            "version": "==1.1.1"
        },
        "ipdb": {
            "hashes": [
                "sha256:77fb1c2a6fccdfee0136078c9ed6fe547ab00db00bebff181f1e8c9e13418d49"
            ],
            "index": "pypi",
            "version": "==0.13.2"
        },
        "ipython": {
            "hashes": [
                "sha256:7ca74052a38fa25fe9bedf52da0be7d3fdd2fb027c3b778ea78dfe8c212937d1",
                "sha256:f2db3a10254241d9b447232cec8b424847f338d9d36f9a577a6192c332a46abd"
            ],
            "markers": "python_version >= '3.8'",
            "version": "==8.4.0"
        },
        "jedi": {
            "hashes": [
                "sha256:637c9635fcf47945ceb91cd7f320234a7be540ded6f3e99a50cb6febdfd1ba8d",
                "sha256:74137626a64a99c8eb6ae5832d99b3bdd7d29a3850fe2aa80a4126b2a7d949ab"
            ],
            "markers": "python_version >= '3.6'",
            "version": "==0.18.1"
        },
        "matplotlib-inline": {
            "hashes": [
                "sha256:a04bfba22e0d1395479f866853ec1ee28eea1485c1d69a6faf00dc3e24ff34ee",
                "sha256:aed605ba3b72462d64d475a21a9296f400a19c4f74a31b59103d2a99ffd5aa5c"
            ],
            "markers": "python_version >= '3.5'",
            "version": "==0.1.3"
        },
        "mccabe": {
            "hashes": [
                "sha256:ab8a6258860da4b6677da4bd2fe5dc2c659cff31b3ee4f7f5d64e79735b80d42",
                "sha256:dd8d182285a0fe56bace7f45b5e7d1a6ebcbf524e8f3bd87eb0f125271b8831f"
            ],
            "version": "==0.6.1"
        },
        "packaging": {
            "hashes": [
                "sha256:dd47c42927d89ab911e606518907cc2d3a1f38bbd026385970643f9c5b8ecfeb",
                "sha256:ef103e05f519cdc783ae24ea4e2e0f508a9c99b2d4969652eed6a2e1ea5bd522"
            ],
            "markers": "python_version >= '3.6'",
            "version": "==21.3"
        },
        "parso": {
            "hashes": [
                "sha256:8c07be290bb59f03588915921e29e8a50002acaf2cdc5fa0e0114f91709fafa0",
                "sha256:c001d4636cd3aecdaf33cbb40aebb59b094be2a74c556778ef5576c175e19e75"
            ],
            "markers": "python_version >= '3.6'",
            "version": "==0.8.3"
        },
        "pexpect": {
            "hashes": [
                "sha256:0b48a55dcb3c05f3329815901ea4fc1537514d6ba867a152b581d69ae3710937",
                "sha256:fc65a43959d153d0114afe13997d439c22823a27cefceb5ff35c2178c6784c0c"
            ],
            "markers": "sys_platform != 'win32'",
            "version": "==4.8.0"
        },
        "pickleshare": {
            "hashes": [
                "sha256:87683d47965c1da65cdacaf31c8441d12b8044cdec9aca500cd78fc2c683afca",
                "sha256:9649af414d74d4df115d5d718f82acb59c9d418196b7b4290ed47a12ce62df56"
            ],
            "version": "==0.7.5"
        },
        "pluggy": {
            "hashes": [
                "sha256:4224373bacce55f955a878bf9cfa763c1e360858e330072059e10bad68531159",
                "sha256:74134bbf457f031a36d68416e1509f34bd5ccc019f0bcc952c7b909d06b37bd3"
            ],
            "markers": "python_version >= '3.6'",
            "version": "==1.0.0"
        },
        "prompt-toolkit": {
            "hashes": [
                "sha256:62291dad495e665fca0bda814e342c69952086afb0f4094d0893d357e5c78752",
                "sha256:bd640f60e8cecd74f0dc249713d433ace2ddc62b65ee07f96d358e0b152b6ea7"
            ],
            "markers": "python_full_version >= '3.6.2'",
            "version": "==3.0.29"
        },
        "ptyprocess": {
            "hashes": [
                "sha256:4b41f3967fce3af57cc7e94b888626c18bf37a083e3651ca8feeb66d492fef35",
                "sha256:5c5d0a3b48ceee0b48485e0c26037c0acd7d29765ca3fbb5cb3831d347423220"
            ],
            "version": "==0.7.0"
        },
        "pure-eval": {
            "hashes": [
                "sha256:01eaab343580944bc56080ebe0a674b39ec44a945e6d09ba7db3cb8cec289350",
                "sha256:2b45320af6dfaa1750f543d714b6d1c520a1688dec6fd24d339063ce0aaa9ac3"
            ],
            "version": "==0.2.2"
        },
        "py": {
            "hashes": [
                "sha256:51c75c4126074b472f746a24399ad32f6053d1b34b68d2fa41e558e6f4a98719",
                "sha256:607c53218732647dff4acdfcd50cb62615cedf612e72d1724fb1a0cc6405b378"
            ],
            "markers": "python_version >= '2.7' and python_version not in '3.0, 3.1, 3.2, 3.3, 3.4'",
            "version": "==1.11.0"
        },
        "pycodestyle": {
            "hashes": [
                "sha256:2295e7b2f6b5bd100585ebcb1f616591b652db8a741695b3d8f5d28bdc934367",
                "sha256:c58a7d2815e0e8d7972bf1803331fb0152f867bd89adf8a01dfd55085434192e"
            ],
            "markers": "python_version >= '2.7' and python_version not in '3.0, 3.1, 3.2, 3.3'",
            "version": "==2.6.0"
        },
        "pyflakes": {
            "hashes": [
                "sha256:0d94e0e05a19e57a99444b6ddcf9a6eb2e5c68d3ca1e98e90707af8152c90a92",
                "sha256:35b2d75ee967ea93b55750aa9edbbf72813e06a66ba54438df2cfac9e3c27fc8"
            ],
            "markers": "python_version >= '2.7' and python_version not in '3.0, 3.1, 3.2, 3.3'",
            "version": "==2.2.0"
        },
        "pygments": {
            "hashes": [
                "sha256:5eb116118f9612ff1ee89ac96437bb6b49e8f04d8a13b514ba26f620208e26eb",
                "sha256:dc9c10fb40944260f6ed4c688ece0cd2048414940f1cea51b8b226318411c519"
            ],
            "markers": "python_version >= '3.6'",
            "version": "==2.12.0"
        },
        "pyparsing": {
            "hashes": [
                "sha256:2b020ecf7d21b687f219b71ecad3631f644a47f01403fa1d1036b0c6416d70fb",
                "sha256:5026bae9a10eeaefb61dab2f09052b9f4307d44aee4eda64b309723d8d206bbc"
            ],
            "markers": "python_full_version >= '3.6.8'",
            "version": "==3.0.9"
        },
        "pytest": {
            "hashes": [
                "sha256:13d0e3ccfc2b6e26be000cb6568c832ba67ba32e719443bfe725814d3c42433c",
                "sha256:a06a0425453864a270bc45e71f783330a7428defb4230fb5e6a731fde06ecd45"
            ],
            "markers": "python_version >= '3.7'",
            "version": "==7.1.2"
        },
        "pytest-django": {
            "hashes": [
                "sha256:64f99d565dd9497af412fcab2989fe40982c1282d4118ff422b407f3f7275ca5",
                "sha256:664e5f42242e5e182519388f01b9f25d824a9feb7cd17d8f863c8d776f38baf9"
            ],
            "index": "pypi",
            "version": "==3.9.0"
        },
        "setuptools": {
            "hashes": [
                "sha256:990a4f7861b31532871ab72331e755b5f14efbe52d336ea7f6118144dd478741",
                "sha256:c1848f654aea2e3526d17fc3ce6aeaa5e7e24e66e645b5be2171f3f6b4e5a178"
            ],
            "markers": "python_version >= '3.7'",
            "version": "==62.6.0"
        },
        "six": {
            "hashes": [
                "sha256:1e61c37477a1626458e36f7b1d82aa5c9b094fa4802892072e49de9c60c4c926",
                "sha256:8abb2f1d86890a2dfb989f9a77cfcfd3e47c2a354b01111771326f8aa26e0254"
            ],
            "markers": "python_version >= '2.7' and python_version not in '3.0, 3.1, 3.2, 3.3'",
            "version": "==1.16.0"
        },
        "stack-data": {
            "hashes": [
                "sha256:77bec1402dcd0987e9022326473fdbcc767304892a533ed8c29888dacb7dddbc",
                "sha256:aa1d52d14d09c7a9a12bb740e6bdfffe0f5e8f4f9218d85e7c73a8c37f7ae38d"
            ],
            "version": "==0.3.0"
        },
        "tomli": {
            "hashes": [
                "sha256:939de3e7a6161af0c887ef91b7d41a53e7c5a1ca976325f429cb46ea9bc30ecc",
                "sha256:de526c12914f0c550d15924c62d72abc48d6fe7364aa87328337a31007fe8a4f"
            ],
            "markers": "python_version >= '3.7'",
            "version": "==2.0.1"
        },
        "traitlets": {
            "hashes": [
                "sha256:0bb9f1f9f017aa8ec187d8b1b2a7a6626a2a1d877116baba52a129bfa124f8e2",
                "sha256:65fa18961659635933100db8ca120ef6220555286949774b9cfc106f941d1c7a"
            ],
            "markers": "python_version >= '3.7'",
            "version": "==5.3.0"
        },
        "wcwidth": {
            "hashes": [
                "sha256:beb4802a9cebb9144e99086eff703a642a13d6a0052920003a230f3294bbe784",
                "sha256:c4d647b99872929fdb7bdcaa4fbe7f01413ed3d98077df798530e5b04f116c83"
            ],
            "version": "==0.2.5"
        }
    }
}
